
Microsoft Visual Studio Solution File, Format Version 12.00
# Visual Studio Version 16
VisualStudioVersion = 16.0.31229.75
MinimumVisualStudioVersion = 10.0.40219.1
Project("{FAE04EC0-301F-11D3-BF4B-00C04F79EFBC}") = "ManagementStore", "ManagementStore\ManagementStore.csproj", "{1117278C-4528-440D-966D-9AF715FF0835}"
EndProject
Project("{2150E333-8FDC-42A3-9474-1A3956D46DE8}") = "Core", "Core", "{A3AAFD18-8C1E-4BF2-92FC-883155D062FB}"
EndProject
Project("{2150E333-8FDC-42A3-9474-1A3956D46DE8}") = "Module", "Module", "{59AAA2E0-6CB2-474B-A540-6091DD5FBD85}"
EndProject
Project("{9A19103F-16F7-4668-BE54-9A1E7A4F7556}") = "InfrastructureCore", "InfrastructureCore\InfrastructureCore.csproj", "{655CC7E8-63CF-45D7-8BE6-FBC21D4CC622}"
EndProject
Project("{2150E333-8FDC-42A3-9474-1A3956D46DE8}") = "ML", "ML", "{909CA11D-8E4A-4C4A-B028-0A39F8C7ADE3}"
EndProject
Project("{9A19103F-16F7-4668-BE54-9A1E7A4F7556}") = "Yolov5Net.Scorer", "Yolov5Net.Scorer\Yolov5Net.Scorer.csproj", "{E6065C1C-ECD7-4FAC-9753-F6A888D144AB}"
EndProject
Project("{2150E333-8FDC-42A3-9474-1A3956D46DE8}") = "Connect", "Connect", "{DB991F98-8981-474B-8D4C-3DEF13029A8C}"
EndProject
Project("{FAE04EC0-301F-11D3-BF4B-00C04F79EFBC}") = "Connect.Common", "Connect.Common\Connect.Common.csproj", "{12D9262B-762C-43D0-BEFA-5837B5C87038}"
EndProject
Project("{FAE04EC0-301F-11D3-BF4B-00C04F79EFBC}") = "Connect.RemoteDataProvider", "Connect.RemoteDataProvider\Connect.RemoteDataProvider.csproj", "{25DEB9E9-AD99-482A-817B-6F7F58E3B84F}"
EndProject
Project("{FAE04EC0-301F-11D3-BF4B-00C04F79EFBC}") = "Connect.SocketClient", "Connect.SocketClient\Connect.SocketClient.csproj", "{84F67D5D-2561-45FE-BE48-41220D72C3A0}"
EndProject
Project("{2150E333-8FDC-42A3-9474-1A3956D46DE8}") = "App", "App", "{CA311ECE-A4AE-4268-A923-AC6C106B1828}"
EndProject
Project("{FAE04EC0-301F-11D3-BF4B-00C04F79EFBC}") = "Parking.App.Contract", "Parking.App.Contract\Parking.App.Contract.csproj", "{682D3344-82F5-4AA3-BBC0-090CE78B6639}"
EndProject
Project("{FAE04EC0-301F-11D3-BF4B-00C04F79EFBC}") = "Parking.App.Factory", "Parking.App.Factory\Parking.App.Factory.csproj", "{6890753C-EFFF-4E0E-83E2-0E63B4C7221A}"
EndProject
Project("{FAE04EC0-301F-11D3-BF4B-00C04F79EFBC}") = "Parking.App.Interface", "Parking.App.Interface\Parking.App.Interface.csproj", "{B63B96BD-00CC-45A4-AC12-66B88C5DF490}"
EndProject
Project("{FAE04EC0-301F-11D3-BF4B-00C04F79EFBC}") = "Parking.App.Language", "Parking.App.Language\Parking.App.Language.csproj", "{23CC9A0A-7EC9-49D0-83B0-5378E3EEC412}"
EndProject
Project("{FAE04EC0-301F-11D3-BF4B-00C04F79EFBC}") = "Parking.App.Service", "Parking.App.Service\Parking.App.Service.csproj", "{B9372C81-0110-4361-B7B9-DE618A4D9D3C}"
EndProject
Project("{FAE04EC0-301F-11D3-BF4B-00C04F79EFBC}") = "Parking.App.Common", "Parking.App.Common\Parking.App.Common.csproj", "{5E42B08D-DC7A-4092-A143-AEBB26F1FE0D}"
EndProject
Project("{9A19103F-16F7-4668-BE54-9A1E7A4F7556}") = "Security", "Security\Security.csproj", "{BFFDDE66-1270-4739-B011-4EE859E0BC52}"
EndProject
Project("{FAE04EC0-301F-11D3-BF4B-00C04F79EFBC}") = "Security.VehicleCheckHttpClient", "Security.VehicleCheckHttpClient\Security.VehicleCheckHttpClient.csproj", "{0FF64F68-0D47-4986-87A1-69635A1C7312}"
EndProject
Global
	GlobalSection(SolutionConfigurationPlatforms) = preSolution
		Debug|Any CPU = Debug|Any CPU
		Release|Any CPU = Release|Any CPU
	EndGlobalSection
	GlobalSection(ProjectConfigurationPlatforms) = postSolution
		{1117278C-4528-440D-966D-9AF715FF0835}.Debug|Any CPU.ActiveCfg = Debug|Any CPU
		{1117278C-4528-440D-966D-9AF715FF0835}.Debug|Any CPU.Build.0 = Debug|Any CPU
		{1117278C-4528-440D-966D-9AF715FF0835}.Release|Any CPU.ActiveCfg = Release|Any CPU
		{1117278C-4528-440D-966D-9AF715FF0835}.Release|Any CPU.Build.0 = Release|Any CPU
		{655CC7E8-63CF-45D7-8BE6-FBC21D4CC622}.Debug|Any CPU.ActiveCfg = Debug|Any CPU
		{655CC7E8-63CF-45D7-8BE6-FBC21D4CC622}.Debug|Any CPU.Build.0 = Debug|Any CPU
		{655CC7E8-63CF-45D7-8BE6-FBC21D4CC622}.Release|Any CPU.ActiveCfg = Release|Any CPU
		{655CC7E8-63CF-45D7-8BE6-FBC21D4CC622}.Release|Any CPU.Build.0 = Release|Any CPU
		{E6065C1C-ECD7-4FAC-9753-F6A888D144AB}.Debug|Any CPU.ActiveCfg = Debug|Any CPU
		{E6065C1C-ECD7-4FAC-9753-F6A888D144AB}.Debug|Any CPU.Build.0 = Debug|Any CPU
		{E6065C1C-ECD7-4FAC-9753-F6A888D144AB}.Release|Any CPU.ActiveCfg = Release|Any CPU
		{E6065C1C-ECD7-4FAC-9753-F6A888D144AB}.Release|Any CPU.Build.0 = Release|Any CPU
		{12D9262B-762C-43D0-BEFA-5837B5C87038}.Debug|Any CPU.ActiveCfg = Debug|Any CPU
		{12D9262B-762C-43D0-BEFA-5837B5C87038}.Debug|Any CPU.Build.0 = Debug|Any CPU
		{12D9262B-762C-43D0-BEFA-5837B5C87038}.Release|Any CPU.ActiveCfg = Release|Any CPU
		{12D9262B-762C-43D0-BEFA-5837B5C87038}.Release|Any CPU.Build.0 = Release|Any CPU
		{25DEB9E9-AD99-482A-817B-6F7F58E3B84F}.Debug|Any CPU.ActiveCfg = Debug|Any CPU
		{25DEB9E9-AD99-482A-817B-6F7F58E3B84F}.Debug|Any CPU.Build.0 = Debug|Any CPU
		{25DEB9E9-AD99-482A-817B-6F7F58E3B84F}.Release|Any CPU.ActiveCfg = Release|Any CPU
		{25DEB9E9-AD99-482A-817B-6F7F58E3B84F}.Release|Any CPU.Build.0 = Release|Any CPU
		{84F67D5D-2561-45FE-BE48-41220D72C3A0}.Debug|Any CPU.ActiveCfg = Debug|Any CPU
		{84F67D5D-2561-45FE-BE48-41220D72C3A0}.Debug|Any CPU.Build.0 = Debug|Any CPU
		{84F67D5D-2561-45FE-BE48-41220D72C3A0}.Release|Any CPU.ActiveCfg = Release|Any CPU
		{84F67D5D-2561-45FE-BE48-41220D72C3A0}.Release|Any CPU.Build.0 = Release|Any CPU
		{682D3344-82F5-4AA3-BBC0-090CE78B6639}.Debug|Any CPU.ActiveCfg = Debug|Any CPU
		{682D3344-82F5-4AA3-BBC0-090CE78B6639}.Debug|Any CPU.Build.0 = Debug|Any CPU
		{682D3344-82F5-4AA3-BBC0-090CE78B6639}.Release|Any CPU.ActiveCfg = Release|Any CPU
		{682D3344-82F5-4AA3-BBC0-090CE78B6639}.Release|Any CPU.Build.0 = Release|Any CPU
		{6890753C-EFFF-4E0E-83E2-0E63B4C7221A}.Debug|Any CPU.ActiveCfg = Debug|Any CPU
		{6890753C-EFFF-4E0E-83E2-0E63B4C7221A}.Debug|Any CPU.Build.0 = Debug|Any CPU
		{6890753C-EFFF-4E0E-83E2-0E63B4C7221A}.Release|Any CPU.ActiveCfg = Release|Any CPU
		{6890753C-EFFF-4E0E-83E2-0E63B4C7221A}.Release|Any CPU.Build.0 = Release|Any CPU
		{B63B96BD-00CC-45A4-AC12-66B88C5DF490}.Debug|Any CPU.ActiveCfg = Debug|Any CPU
		{B63B96BD-00CC-45A4-AC12-66B88C5DF490}.Debug|Any CPU.Build.0 = Debug|Any CPU
		{B63B96BD-00CC-45A4-AC12-66B88C5DF490}.Release|Any CPU.ActiveCfg = Release|Any CPU
		{B63B96BD-00CC-45A4-AC12-66B88C5DF490}.Release|Any CPU.Build.0 = Release|Any CPU
		{23CC9A0A-7EC9-49D0-83B0-5378E3EEC412}.Debug|Any CPU.ActiveCfg = Debug|Any CPU
		{23CC9A0A-7EC9-49D0-83B0-5378E3EEC412}.Debug|Any CPU.Build.0 = Debug|Any CPU
		{23CC9A0A-7EC9-49D0-83B0-5378E3EEC412}.Release|Any CPU.ActiveCfg = Release|Any CPU
		{23CC9A0A-7EC9-49D0-83B0-5378E3EEC412}.Release|Any CPU.Build.0 = Release|Any CPU
		{B9372C81-0110-4361-B7B9-DE618A4D9D3C}.Debug|Any CPU.ActiveCfg = Debug|Any CPU
		{B9372C81-0110-4361-B7B9-DE618A4D9D3C}.Debug|Any CPU.Build.0 = Debug|Any CPU
		{B9372C81-0110-4361-B7B9-DE618A4D9D3C}.Release|Any CPU.ActiveCfg = Release|Any CPU
		{B9372C81-0110-4361-B7B9-DE618A4D9D3C}.Release|Any CPU.Build.0 = Release|Any CPU
		{5E42B08D-DC7A-4092-A143-AEBB26F1FE0D}.Debug|Any CPU.ActiveCfg = Debug|Any CPU
		{5E42B08D-DC7A-4092-A143-AEBB26F1FE0D}.Debug|Any CPU.Build.0 = Debug|Any CPU
		{5E42B08D-DC7A-4092-A143-AEBB26F1FE0D}.Release|Any CPU.ActiveCfg = Release|Any CPU
		{5E42B08D-DC7A-4092-A143-AEBB26F1FE0D}.Release|Any CPU.Build.0 = Release|Any CPU
		{BFFDDE66-1270-4739-B011-4EE859E0BC52}.Debug|Any CPU.ActiveCfg = Debug|Any CPU
		{BFFDDE66-1270-4739-B011-4EE859E0BC52}.Debug|Any CPU.Build.0 = Debug|Any CPU
		{BFFDDE66-1270-4739-B011-4EE859E0BC52}.Release|Any CPU.ActiveCfg = Release|Any CPU
		{BFFDDE66-1270-4739-B011-4EE859E0BC52}.Release|Any CPU.Build.0 = Release|Any CPU
		{0FF64F68-0D47-4986-87A1-69635A1C7312}.Debug|Any CPU.ActiveCfg = Debug|Any CPU
		{0FF64F68-0D47-4986-87A1-69635A1C7312}.Debug|Any CPU.Build.0 = Debug|Any CPU
		{0FF64F68-0D47-4986-87A1-69635A1C7312}.Release|Any CPU.ActiveCfg = Release|Any CPU
		{0FF64F68-0D47-4986-87A1-69635A1C7312}.Release|Any CPU.Build.0 = Release|Any CPU
	EndGlobalSection
	GlobalSection(SolutionProperties) = preSolution
		HideSolutionNode = FALSE
	EndGlobalSection
	GlobalSection(NestedProjects) = preSolution
		{59AAA2E0-6CB2-474B-A540-6091DD5FBD85} = {A3AAFD18-8C1E-4BF2-92FC-883155D062FB}
		{655CC7E8-63CF-45D7-8BE6-FBC21D4CC622} = {59AAA2E0-6CB2-474B-A540-6091DD5FBD85}
		{E6065C1C-ECD7-4FAC-9753-F6A888D144AB} = {909CA11D-8E4A-4C4A-B028-0A39F8C7ADE3}
		{12D9262B-762C-43D0-BEFA-5837B5C87038} = {DB991F98-8981-474B-8D4C-3DEF13029A8C}
		{25DEB9E9-AD99-482A-817B-6F7F58E3B84F} = {DB991F98-8981-474B-8D4C-3DEF13029A8C}
		{84F67D5D-2561-45FE-BE48-41220D72C3A0} = {DB991F98-8981-474B-8D4C-3DEF13029A8C}
		{CA311ECE-A4AE-4268-A923-AC6C106B1828} = {A3AAFD18-8C1E-4BF2-92FC-883155D062FB}
		{682D3344-82F5-4AA3-BBC0-090CE78B6639} = {CA311ECE-A4AE-4268-A923-AC6C106B1828}
		{6890753C-EFFF-4E0E-83E2-0E63B4C7221A} = {CA311ECE-A4AE-4268-A923-AC6C106B1828}
		{B63B96BD-00CC-45A4-AC12-66B88C5DF490} = {CA311ECE-A4AE-4268-A923-AC6C106B1828}
		{23CC9A0A-7EC9-49D0-83B0-5378E3EEC412} = {CA311ECE-A4AE-4268-A923-AC6C106B1828}
		{B9372C81-0110-4361-B7B9-DE618A4D9D3C} = {CA311ECE-A4AE-4268-A923-AC6C106B1828}
		{5E42B08D-DC7A-4092-A143-AEBB26F1FE0D} = {CA311ECE-A4AE-4268-A923-AC6C106B1828}
		{BFFDDE66-1270-4739-B011-4EE859E0BC52} = {59AAA2E0-6CB2-474B-A540-6091DD5FBD85}
		{0FF64F68-0D47-4986-87A1-69635A1C7312} = {59AAA2E0-6CB2-474B-A540-6091DD5FBD85}
	EndGlobalSection
	GlobalSection(ExtensibilityGlobals) = postSolution
		SolutionGuid = {930765E2-1DEB-4576-B94C-58AC6F6B8EBC}
	EndGlobalSection
EndGlobal
